
Microsoft Visual Studio Solution File, Format Version 12.00
# Visual Studio Version 17
VisualStudioVersion = 17.11.35222.181
MinimumVisualStudioVersion = 10.0.40219.1
Project("{9A19103F-16F7-4668-BE54-9A1E7A4F7556}") = "UML2InCLass", "UML2InCLass\UML2InCLass.csproj", "{572B3056-D509-4A2F-B67E-56E2BEF9CDCB}"
EndProject
Project("{9A19103F-16F7-4668-BE54-9A1E7A4F7556}") = "PizzaLibrary", "PizzaLibrary\PizzaLibrary.csproj", "{CD7C2817-20B4-4235-A94B-45787638DDFE}"
EndProject
Project("{9A19103F-16F7-4668-BE54-9A1E7A4F7556}") = "ConsoleMenu", "ConsoleMenu\ConsoleMenu.csproj", "{5BBBBDFD-05AB-4528-B5A8-8F4B07E6EFE6}"
EndProject
Project("{9A19103F-16F7-4668-BE54-9A1E7A4F7556}") = "ConsoleMenu24", "ConsoleMenu24\ConsoleMenu24.csproj", "{306DBAFE-A250-4C1C-9B92-9F09BACC8D30}"
EndProject
Project("{9A19103F-16F7-4668-BE54-9A1E7A4F7556}") = "UMLRazor", "UMLRazor\UMLRazor.csproj", "{295646EE-116F-4CC2-92EC-380D20B8FCCB}"
EndProject
Global
	GlobalSection(SolutionConfigurationPlatforms) = preSolution
		Debug|Any CPU = Debug|Any CPU
		Release|Any CPU = Release|Any CPU
	EndGlobalSection
	GlobalSection(ProjectConfigurationPlatforms) = postSolution
		{572B3056-D509-4A2F-B67E-56E2BEF9CDCB}.Debug|Any CPU.ActiveCfg = Debug|Any CPU
		{572B3056-D509-4A2F-B67E-56E2BEF9CDCB}.Debug|Any CPU.Build.0 = Debug|Any CPU
		{572B3056-D509-4A2F-B67E-56E2BEF9CDCB}.Release|Any CPU.ActiveCfg = Release|Any CPU
		{572B3056-D509-4A2F-B67E-56E2BEF9CDCB}.Release|Any CPU.Build.0 = Release|Any CPU
		{CD7C2817-20B4-4235-A94B-45787638DDFE}.Debug|Any CPU.ActiveCfg = Debug|Any CPU
		{CD7C2817-20B4-4235-A94B-45787638DDFE}.Debug|Any CPU.Build.0 = Debug|Any CPU
		{CD7C2817-20B4-4235-A94B-45787638DDFE}.Release|Any CPU.ActiveCfg = Release|Any CPU
		{CD7C2817-20B4-4235-A94B-45787638DDFE}.Release|Any CPU.Build.0 = Release|Any CPU
		{5BBBBDFD-05AB-4528-B5A8-8F4B07E6EFE6}.Debug|Any CPU.ActiveCfg = Debug|Any CPU
		{5BBBBDFD-05AB-4528-B5A8-8F4B07E6EFE6}.Debug|Any CPU.Build.0 = Debug|Any CPU
		{5BBBBDFD-05AB-4528-B5A8-8F4B07E6EFE6}.Release|Any CPU.ActiveCfg = Release|Any CPU
		{5BBBBDFD-05AB-4528-B5A8-8F4B07E6EFE6}.Release|Any CPU.Build.0 = Release|Any CPU
		{306DBAFE-A250-4C1C-9B92-9F09BACC8D30}.Debug|Any CPU.ActiveCfg = Debug|Any CPU
		{306DBAFE-A250-4C1C-9B92-9F09BACC8D30}.Debug|Any CPU.Build.0 = Debug|Any CPU
		{306DBAFE-A250-4C1C-9B92-9F09BACC8D30}.Release|Any CPU.ActiveCfg = Release|Any CPU
		{306DBAFE-A250-4C1C-9B92-9F09BACC8D30}.Release|Any CPU.Build.0 = Release|Any CPU
		{295646EE-116F-4CC2-92EC-380D20B8FCCB}.Debug|Any CPU.ActiveCfg = Debug|Any CPU
		{295646EE-116F-4CC2-92EC-380D20B8FCCB}.Debug|Any CPU.Build.0 = Debug|Any CPU
		{295646EE-116F-4CC2-92EC-380D20B8FCCB}.Release|Any CPU.ActiveCfg = Release|Any CPU
		{295646EE-116F-4CC2-92EC-380D20B8FCCB}.Release|Any CPU.Build.0 = Release|Any CPU
	EndGlobalSection
	GlobalSection(SolutionProperties) = preSolution
		HideSolutionNode = FALSE
	EndGlobalSection
	GlobalSection(ExtensibilityGlobals) = postSolution
		SolutionGuid = {65641C17-2665-48A4-A50C-69CBC65CFC42}
	EndGlobalSection
EndGlobal
